
Microsoft Visual Studio Solution File, Format Version 12.00
# Visual Studio Version 16
VisualStudioVersion = 16.0.31424.327
MinimumVisualStudioVersion = 10.0.40219.1
Project("{FAE04EC0-301F-11D3-BF4B-00C04F79EFBC}") = "MvcAuth", "MvcAuth\MvcAuth.csproj", "{A2AAC9AD-56E1-4634-A677-591D78D23215}"
EndProject
Global
	GlobalSection(SolutionConfigurationPlatforms) = preSolution
		Debug|Any CPU = Debug|Any CPU
		Release|Any CPU = Release|Any CPU
	EndGlobalSection
	GlobalSection(ProjectConfigurationPlatforms) = postSolution
		{A2AAC9AD-56E1-4634-A677-591D78D23215}.Debug|Any CPU.ActiveCfg = Debug|Any CPU
		{A2AAC9AD-56E1-4634-A677-591D78D23215}.Debug|Any CPU.Build.0 = Debug|Any CPU
		{A2AAC9AD-56E1-4634-A677-591D78D23215}.Release|Any CPU.ActiveCfg = Release|Any CPU
		{A2AAC9AD-56E1-4634-A677-591D78D23215}.Release|Any CPU.Build.0 = Release|Any CPU
	EndGlobalSection
	GlobalSection(SolutionProperties) = preSolution
		HideSolutionNode = FALSE
	EndGlobalSection
	GlobalSection(ExtensibilityGlobals) = postSolution
		SolutionGuid = {AA9BA483-9C9C-44FE-8255-F557A279DC2D}
	EndGlobalSection
EndGlobal
